// !$*UTF8*$!
{
	archiveVersion = 1;
	classes = {
	};
	objectVersion = 55;
	objects = {

/* Begin PBXBuildFile section */
		56016FBA28A643BF00CAB37B /* Swift.swift in Sources */ = {isa = PBXBuildFile; fileRef = 56016FB928A643BF00CAB37B /* Swift.swift */; };
		5613514328A3906B0017FE08 /* BackGround&OverLay.swift in Sources */ = {isa = PBXBuildFile; fileRef = 5613514228A3906B0017FE08 /* BackGround&OverLay.swift */; };
		5634939728A236C8002A78C3 /* BasicSwiftLayoutApp.swift in Sources */ = {isa = PBXBuildFile; fileRef = 5634939628A236C8002A78C3 /* BasicSwiftLayoutApp.swift */; };
		5634939E28A236CA002A78C3 /* Preview Assets.xcassets in Resources */ = {isa = PBXBuildFile; fileRef = 5634939D28A236CA002A78C3 /* Preview Assets.xcassets */; };
		563493A828A236CA002A78C3 /* BasicSwiftLayoutTests.swift in Sources */ = {isa = PBXBuildFile; fileRef = 563493A728A236CA002A78C3 /* BasicSwiftLayoutTests.swift */; };
		563493B228A236CA002A78C3 /* BasicSwiftLayoutUITests.swift in Sources */ = {isa = PBXBuildFile; fileRef = 563493B128A236CA002A78C3 /* BasicSwiftLayoutUITests.swift */; };
		563493B428A236CA002A78C3 /* BasicSwiftLayoutUITestsLaunchTests.swift in Sources */ = {isa = PBXBuildFile; fileRef = 563493B328A236CA002A78C3 /* BasicSwiftLayoutUITestsLaunchTests.swift */; };
		56AE086728B508D400194EB3 /* hikeData.json in Resources */ = {isa = PBXBuildFile; fileRef = 56AE084028B508D300194EB3 /* hikeData.json */; };
		56AE086828B508D400194EB3 /* landmarkData.json in Resources */ = {isa = PBXBuildFile; fileRef = 56AE084128B508D300194EB3 /* landmarkData.json */; };
		56AE086928B508D400194EB3 /* Assets.xcassets in Resources */ = {isa = PBXBuildFile; fileRef = 56AE084228B508D300194EB3 /* Assets.xcassets */; };
		56AE086A28B508D400194EB3 /* GraphCapsule.swift in Sources */ = {isa = PBXBuildFile; fileRef = 56AE084528B508D400194EB3 /* GraphCapsule.swift */; };
		56AE086B28B508D400194EB3 /* HikeGraph.swift in Sources */ = {isa = PBXBuildFile; fileRef = 56AE084628B508D400194EB3 /* HikeGraph.swift */; };
		56AE086C28B508D400194EB3 /* HikeDetail.swift in Sources */ = {isa = PBXBuildFile; fileRef = 56AE084728B508D400194EB3 /* HikeDetail.swift */; };
		56AE086D28B508D400194EB3 /* HikeView.swift in Sources */ = {isa = PBXBuildFile; fileRef = 56AE084828B508D400194EB3 /* HikeView.swift */; };
		56AE086E28B508D400194EB3 /* LandmarkList.swift in Sources */ = {isa = PBXBuildFile; fileRef = 56AE084A28B508D400194EB3 /* LandmarkList.swift */; };
		56AE086F28B508D400194EB3 /* LandmarkDetail.swift in Sources */ = {isa = PBXBuildFile; fileRef = 56AE084B28B508D400194EB3 /* LandmarkDetail.swift */; };
		56AE087028B508D400194EB3 /* LandmarkRow.swift in Sources */ = {isa = PBXBuildFile; fileRef = 56AE084C28B508D400194EB3 /* LandmarkRow.swift */; };
		56AE087128B508D400194EB3 /* ProfileSummary.swift in Sources */ = {isa = PBXBuildFile; fileRef = 56AE084E28B508D400194EB3 /* ProfileSummary.swift */; };
		56AE087228B508D400194EB3 /* ProfileEditor.swift in Sources */ = {isa = PBXBuildFile; fileRef = 56AE084F28B508D400194EB3 /* ProfileEditor.swift */; };
		56AE087328B508D400194EB3 /* ProfileHost.swift in Sources */ = {isa = PBXBuildFile; fileRef = 56AE085028B508D400194EB3 /* ProfileHost.swift */; };
		56AE087428B508D400194EB3 /* CategoryItem.swift in Sources */ = {isa = PBXBuildFile; fileRef = 56AE085228B508D400194EB3 /* CategoryItem.swift */; };
		56AE087528B508D400194EB3 /* CategoryHome.swift in Sources */ = {isa = PBXBuildFile; fileRef = 56AE085328B508D400194EB3 /* CategoryHome.swift */; };
		56AE087628B508D400194EB3 /* CategoryRow.swift in Sources */ = {isa = PBXBuildFile; fileRef = 56AE085428B508D400194EB3 /* CategoryRow.swift */; };
		56AE087728B508D400194EB3 /* ContentView.swift in Sources */ = {isa = PBXBuildFile; fileRef = 56AE085528B508D400194EB3 /* ContentView.swift */; };
		56AE087828B508D400194EB3 /* MapView.swift in Sources */ = {isa = PBXBuildFile; fileRef = 56AE085728B508D400194EB3 /* MapView.swift */; };
		56AE087928B508D400194EB3 /* CircleImage.swift in Sources */ = {isa = PBXBuildFile; fileRef = 56AE085828B508D400194EB3 /* CircleImage.swift */; };
		56AE087A28B508D400194EB3 /* FavoriteButton.swift in Sources */ = {isa = PBXBuildFile; fileRef = 56AE085928B508D400194EB3 /* FavoriteButton.swift */; };
		56AE087B28B508D400194EB3 /* HikeBadge.swift in Sources */ = {isa = PBXBuildFile; fileRef = 56AE085B28B508D400194EB3 /* HikeBadge.swift */; };
		56AE087C28B508D400194EB3 /* RotatedBadgeSymbol.swift in Sources */ = {isa = PBXBuildFile; fileRef = 56AE085C28B508D400194EB3 /* RotatedBadgeSymbol.swift */; };
		56AE087D28B508D400194EB3 /* HexagonParameters.swift in Sources */ = {isa = PBXBuildFile; fileRef = 56AE085D28B508D400194EB3 /* HexagonParameters.swift */; };
		56AE087E28B508D400194EB3 /* BadgeSymbol.swift in Sources */ = {isa = PBXBuildFile; fileRef = 56AE085E28B508D400194EB3 /* BadgeSymbol.swift */; };
		56AE087F28B508D400194EB3 /* BadgeBackground.swift in Sources */ = {isa = PBXBuildFile; fileRef = 56AE085F28B508D400194EB3 /* BadgeBackground.swift */; };
		56AE088028B508D400194EB3 /* Badge.swift in Sources */ = {isa = PBXBuildFile; fileRef = 56AE086028B508D400194EB3 /* Badge.swift */; };
		56AE088228B508D400194EB3 /* Profile.swift in Sources */ = {isa = PBXBuildFile; fileRef = 56AE086328B508D400194EB3 /* Profile.swift */; };
		56AE088328B508D400194EB3 /* Hike.swift in Sources */ = {isa = PBXBuildFile; fileRef = 56AE086428B508D400194EB3 /* Hike.swift */; };
		56AE088428B508D400194EB3 /* ModelData.swift in Sources */ = {isa = PBXBuildFile; fileRef = 56AE086528B508D400194EB3 /* ModelData.swift */; };
		56AE088528B508D400194EB3 /* Landmark.swift in Sources */ = {isa = PBXBuildFile; fileRef = 56AE086628B508D400194EB3 /* Landmark.swift */; };
/* End PBXBuildFile section */

/* Begin PBXContainerItemProxy section */
		563493A428A236CA002A78C3 /* PBXContainerItemProxy */ = {
			isa = PBXContainerItemProxy;
			containerPortal = 5634938B28A236C8002A78C3 /* Project object */;
			proxyType = 1;
			remoteGlobalIDString = 5634939228A236C8002A78C3;
			remoteInfo = BasicSwiftLayout;
		};
		563493AE28A236CA002A78C3 /* PBXContainerItemProxy */ = {
			isa = PBXContainerItemProxy;
			containerPortal = 5634938B28A236C8002A78C3 /* Project object */;
			proxyType = 1;
			remoteGlobalIDString = 5634939228A236C8002A78C3;
			remoteInfo = BasicSwiftLayout;
		};
/* End PBXContainerItemProxy section */

/* Begin PBXFileReference section */
		56016FB928A643BF00CAB37B /* Swift.swift */ = {isa = PBXFileReference; lastKnownFileType = sourcecode.swift; path = Swift.swift; sourceTree = "<group>"; };
		5613514228A3906B0017FE08 /* BackGround&OverLay.swift */ = {isa = PBXFileReference; lastKnownFileType = sourcecode.swift; path = "BackGround&OverLay.swift"; sourceTree = "<group>"; };
		5634939328A236C8002A78C3 /* BasicSwiftLayout.app */ = {isa = PBXFileReference; explicitFileType = wrapper.application; includeInIndex = 0; path = BasicSwiftLayout.app; sourceTree = BUILT_PRODUCTS_DIR; };
		5634939628A236C8002A78C3 /* BasicSwiftLayoutApp.swift */ = {isa = PBXFileReference; lastKnownFileType = sourcecode.swift; path = BasicSwiftLayoutApp.swift; sourceTree = "<group>"; };
		5634939D28A236CA002A78C3 /* Preview Assets.xcassets */ = {isa = PBXFileReference; lastKnownFileType = folder.assetcatalog; path = "Preview Assets.xcassets"; sourceTree = "<group>"; };
		563493A328A236CA002A78C3 /* BasicSwiftLayoutTests.xctest */ = {isa = PBXFileReference; explicitFileType = wrapper.cfbundle; includeInIndex = 0; path = BasicSwiftLayoutTests.xctest; sourceTree = BUILT_PRODUCTS_DIR; };
		563493A728A236CA002A78C3 /* BasicSwiftLayoutTests.swift */ = {isa = PBXFileReference; lastKnownFileType = sourcecode.swift; path = BasicSwiftLayoutTests.swift; sourceTree = "<group>"; };
		563493AD28A236CA002A78C3 /* BasicSwiftLayoutUITests.xctest */ = {isa = PBXFileReference; explicitFileType = wrapper.cfbundle; includeInIndex = 0; path = BasicSwiftLayoutUITests.xctest; sourceTree = BUILT_PRODUCTS_DIR; };
		563493B128A236CA002A78C3 /* BasicSwiftLayoutUITests.swift */ = {isa = PBXFileReference; lastKnownFileType = sourcecode.swift; path = BasicSwiftLayoutUITests.swift; sourceTree = "<group>"; };
		563493B328A236CA002A78C3 /* BasicSwiftLayoutUITestsLaunchTests.swift */ = {isa = PBXFileReference; lastKnownFileType = sourcecode.swift; path = BasicSwiftLayoutUITestsLaunchTests.swift; sourceTree = "<group>"; };
		56AE084028B508D300194EB3 /* hikeData.json */ = {isa = PBXFileReference; fileEncoding = 4; lastKnownFileType = text.json; path = hikeData.json; sourceTree = "<group>"; };
		56AE084128B508D300194EB3 /* landmarkData.json */ = {isa = PBXFileReference; fileEncoding = 4; lastKnownFileType = text.json; path = landmarkData.json; sourceTree = "<group>"; };
		56AE084228B508D300194EB3 /* Assets.xcassets */ = {isa = PBXFileReference; lastKnownFileType = folder.assetcatalog; path = Assets.xcassets; sourceTree = "<group>"; };
		56AE084528B508D400194EB3 /* GraphCapsule.swift */ = {isa = PBXFileReference; fileEncoding = 4; lastKnownFileType = sourcecode.swift; path = GraphCapsule.swift; sourceTree = "<group>"; };
		56AE084628B508D400194EB3 /* HikeGraph.swift */ = {isa = PBXFileReference; fileEncoding = 4; lastKnownFileType = sourcecode.swift; path = HikeGraph.swift; sourceTree = "<group>"; };
		56AE084728B508D400194EB3 /* HikeDetail.swift */ = {isa = PBXFileReference; fileEncoding = 4; lastKnownFileType = sourcecode.swift; path = HikeDetail.swift; sourceTree = "<group>"; };
		56AE084828B508D400194EB3 /* HikeView.swift */ = {isa = PBXFileReference; fileEncoding = 4; lastKnownFileType = sourcecode.swift; path = HikeView.swift; sourceTree = "<group>"; };
		56AE084A28B508D400194EB3 /* LandmarkList.swift */ = {isa = PBXFileReference; fileEncoding = 4; lastKnownFileType = sourcecode.swift; path = LandmarkList.swift; sourceTree = "<group>"; };
		56AE084B28B508D400194EB3 /* LandmarkDetail.swift */ = {isa = PBXFileReference; fileEncoding = 4; lastKnownFileType = sourcecode.swift; path = LandmarkDetail.swift; sourceTree = "<group>"; };
		56AE084C28B508D400194EB3 /* LandmarkRow.swift */ = {isa = PBXFileReference; fileEncoding = 4; lastKnownFileType = sourcecode.swift; path = LandmarkRow.swift; sourceTree = "<group>"; };
		56AE084E28B508D400194EB3 /* ProfileSummary.swift */ = {isa = PBXFileReference; fileEncoding = 4; lastKnownFileType = sourcecode.swift; path = ProfileSummary.swift; sourceTree = "<group>"; };
		56AE084F28B508D400194EB3 /* ProfileEditor.swift */ = {isa = PBXFileReference; fileEncoding = 4; lastKnownFileType = sourcecode.swift; path = ProfileEditor.swift; sourceTree = "<group>"; };
		56AE085028B508D400194EB3 /* ProfileHost.swift */ = {isa = PBXFileReference; fileEncoding = 4; lastKnownFileType = sourcecode.swift; path = ProfileHost.swift; sourceTree = "<group>"; };
		56AE085228B508D400194EB3 /* CategoryItem.swift */ = {isa = PBXFileReference; fileEncoding = 4; lastKnownFileType = sourcecode.swift; path = CategoryItem.swift; sourceTree = "<group>"; };
		56AE085328B508D400194EB3 /* CategoryHome.swift */ = {isa = PBXFileReference; fileEncoding = 4; lastKnownFileType = sourcecode.swift; path = CategoryHome.swift; sourceTree = "<group>"; };
		56AE085428B508D400194EB3 /* CategoryRow.swift */ = {isa = PBXFileReference; fileEncoding = 4; lastKnownFileType = sourcecode.swift; path = CategoryRow.swift; sourceTree = "<group>"; };
		56AE085528B508D400194EB3 /* ContentView.swift */ = {isa = PBXFileReference; fileEncoding = 4; lastKnownFileType = sourcecode.swift; path = ContentView.swift; sourceTree = "<group>"; };
		56AE085728B508D400194EB3 /* MapView.swift */ = {isa = PBXFileReference; fileEncoding = 4; lastKnownFileType = sourcecode.swift; path = MapView.swift; sourceTree = "<group>"; };
		56AE085828B508D400194EB3 /* CircleImage.swift */ = {isa = PBXFileReference; fileEncoding = 4; lastKnownFileType = sourcecode.swift; path = CircleImage.swift; sourceTree = "<group>"; };
		56AE085928B508D400194EB3 /* FavoriteButton.swift */ = {isa = PBXFileReference; fileEncoding = 4; lastKnownFileType = sourcecode.swift; path = FavoriteButton.swift; sourceTree = "<group>"; };
		56AE085B28B508D400194EB3 /* HikeBadge.swift */ = {isa = PBXFileReference; fileEncoding = 4; lastKnownFileType = sourcecode.swift; path = HikeBadge.swift; sourceTree = "<group>"; };
		56AE085C28B508D400194EB3 /* RotatedBadgeSymbol.swift */ = {isa = PBXFileReference; fileEncoding = 4; lastKnownFileType = sourcecode.swift; path = RotatedBadgeSymbol.swift; sourceTree = "<group>"; };
		56AE085D28B508D400194EB3 /* HexagonParameters.swift */ = {isa = PBXFileReference; fileEncoding = 4; lastKnownFileType = sourcecode.swift; path = HexagonParameters.swift; sourceTree = "<group>"; };
		56AE085E28B508D400194EB3 /* BadgeSymbol.swift */ = {isa = PBXFileReference; fileEncoding = 4; lastKnownFileType = sourcecode.swift; path = BadgeSymbol.swift; sourceTree = "<group>"; };
		56AE085F28B508D400194EB3 /* BadgeBackground.swift */ = {isa = PBXFileReference; fileEncoding = 4; lastKnownFileType = sourcecode.swift; path = BadgeBackground.swift; sourceTree = "<group>"; };
		56AE086028B508D400194EB3 /* Badge.swift */ = {isa = PBXFileReference; fileEncoding = 4; lastKnownFileType = sourcecode.swift; path = Badge.swift; sourceTree = "<group>"; };
		56AE086128B508D400194EB3 /* Info.plist */ = {isa = PBXFileReference; fileEncoding = 4; lastKnownFileType = text.plist.xml; path = Info.plist; sourceTree = "<group>"; };
		56AE086328B508D400194EB3 /* Profile.swift */ = {isa = PBXFileReference; fileEncoding = 4; lastKnownFileType = sourcecode.swift; path = Profile.swift; sourceTree = "<group>"; };
		56AE086428B508D400194EB3 /* Hike.swift */ = {isa = PBXFileReference; fileEncoding = 4; lastKnownFileType = sourcecode.swift; path = Hike.swift; sourceTree = "<group>"; };
		56AE086528B508D400194EB3 /* ModelData.swift */ = {isa = PBXFileReference; fileEncoding = 4; lastKnownFileType = sourcecode.swift; path = ModelData.swift; sourceTree = "<group>"; };
		56AE086628B508D400194EB3 /* Landmark.swift */ = {isa = PBXFileReference; fileEncoding = 4; lastKnownFileType = sourcecode.swift; path = Landmark.swift; sourceTree = "<group>"; };
/* End PBXFileReference section */

/* Begin PBXFrameworksBuildPhase section */
		5634939028A236C8002A78C3 /* Frameworks */ = {
			isa = PBXFrameworksBuildPhase;
			buildActionMask = 2147483647;
			files = (
			);
			runOnlyForDeploymentPostprocessing = 0;
		};
		563493A028A236CA002A78C3 /* Frameworks */ = {
			isa = PBXFrameworksBuildPhase;
			buildActionMask = 2147483647;
			files = (
			);
			runOnlyForDeploymentPostprocessing = 0;
		};
		563493AA28A236CA002A78C3 /* Frameworks */ = {
			isa = PBXFrameworksBuildPhase;
			buildActionMask = 2147483647;
			files = (
			);
			runOnlyForDeploymentPostprocessing = 0;
		};
/* End PBXFrameworksBuildPhase section */

/* Begin PBXGroup section */
		5613514128A390070017FE08 /* OtherSwiftUI */ = {
			isa = PBXGroup;
			children = (
				5613514228A3906B0017FE08 /* BackGround&OverLay.swift */,
			);
			path = OtherSwiftUI;
			sourceTree = "<group>";
		};
		5634938A28A236C8002A78C3 = {
			isa = PBXGroup;
			children = (
				56016FB928A643BF00CAB37B /* Swift.swift */,
				5613514128A390070017FE08 /* OtherSwiftUI */,
				5634939528A236C8002A78C3 /* BasicSwiftLayout */,
				563493A628A236CA002A78C3 /* BasicSwiftLayoutTests */,
				563493B028A236CA002A78C3 /* BasicSwiftLayoutUITests */,
				5634939428A236C8002A78C3 /* Products */,
			);
			sourceTree = "<group>";
		};
		5634939428A236C8002A78C3 /* Products */ = {
			isa = PBXGroup;
			children = (
				5634939328A236C8002A78C3 /* BasicSwiftLayout.app */,
				563493A328A236CA002A78C3 /* BasicSwiftLayoutTests.xctest */,
				563493AD28A236CA002A78C3 /* BasicSwiftLayoutUITests.xctest */,
			);
			name = Products;
			sourceTree = "<group>";
		};
		5634939528A236C8002A78C3 /* BasicSwiftLayout */ = {
			isa = PBXGroup;
			children = (
				563493C028A2437D002A78C3 /* Code */,
				5634939628A236C8002A78C3 /* BasicSwiftLayoutApp.swift */,
				5634939C28A236CA002A78C3 /* Preview Content */,
			);
			path = BasicSwiftLayout;
			sourceTree = "<group>";
		};
		5634939C28A236CA002A78C3 /* Preview Content */ = {
			isa = PBXGroup;
			children = (
				5634939D28A236CA002A78C3 /* Preview Assets.xcassets */,
			);
			path = "Preview Content";
			sourceTree = "<group>";
		};
		563493A628A236CA002A78C3 /* BasicSwiftLayoutTests */ = {
			isa = PBXGroup;
			children = (
				563493A728A236CA002A78C3 /* BasicSwiftLayoutTests.swift */,
			);
			path = BasicSwiftLayoutTests;
			sourceTree = "<group>";
		};
		563493B028A236CA002A78C3 /* BasicSwiftLayoutUITests */ = {
			isa = PBXGroup;
			children = (
				563493B128A236CA002A78C3 /* BasicSwiftLayoutUITests.swift */,
				563493B328A236CA002A78C3 /* BasicSwiftLayoutUITestsLaunchTests.swift */,
			);
			path = BasicSwiftLayoutUITests;
			sourceTree = "<group>";
		};
		563493C028A2437D002A78C3 /* Code */ = {
			isa = PBXGroup;
			children = (
				56AE084328B508D400194EB3 /* Views */,
				56AE086228B508D400194EB3 /* Model */,
				56AE083F28B508D300194EB3 /* Resources */,
			);
			path = Code;
			sourceTree = "<group>";
		};
		56AE083F28B508D300194EB3 /* Resources */ = {
			isa = PBXGroup;
			children = (
				56AE084228B508D300194EB3 /* Assets.xcassets */,
				56AE086128B508D400194EB3 /* Info.plist */,
				56AE084028B508D300194EB3 /* hikeData.json */,
				56AE084128B508D300194EB3 /* landmarkData.json */,
			);
			path = Resources;
			sourceTree = "<group>";
		};
		56AE084328B508D400194EB3 /* Views */ = {
			isa = PBXGroup;
			children = (
				56AE084428B508D400194EB3 /* Hikes */,
				56AE084928B508D400194EB3 /* Landmarks */,
				56AE084D28B508D400194EB3 /* Profiles */,
				56AE085128B508D400194EB3 /* Categories */,
				56AE085528B508D400194EB3 /* ContentView.swift */,
				56AE085628B508D400194EB3 /* Helpers */,
				56AE085A28B508D400194EB3 /* Badges */,
			);
			path = Views;
			sourceTree = "<group>";
		};
		56AE084428B508D400194EB3 /* Hikes */ = {
			isa = PBXGroup;
			children = (
				56AE084528B508D400194EB3 /* GraphCapsule.swift */,
				56AE084628B508D400194EB3 /* HikeGraph.swift */,
				56AE084728B508D400194EB3 /* HikeDetail.swift */,
				56AE084828B508D400194EB3 /* HikeView.swift */,
			);
			path = Hikes;
			sourceTree = "<group>";
		};
		56AE084928B508D400194EB3 /* Landmarks */ = {
			isa = PBXGroup;
			children = (
				56AE084A28B508D400194EB3 /* LandmarkList.swift */,
				56AE084B28B508D400194EB3 /* LandmarkDetail.swift */,
				56AE084C28B508D400194EB3 /* LandmarkRow.swift */,
			);
			path = Landmarks;
			sourceTree = "<group>";
		};
		56AE084D28B508D400194EB3 /* Profiles */ = {
			isa = PBXGroup;
			children = (
				56AE084E28B508D400194EB3 /* ProfileSummary.swift */,
				56AE084F28B508D400194EB3 /* ProfileEditor.swift */,
				56AE085028B508D400194EB3 /* ProfileHost.swift */,
			);
			path = Profiles;
			sourceTree = "<group>";
		};
		56AE085128B508D400194EB3 /* Categories */ = {
			isa = PBXGroup;
			children = (
				56AE085228B508D400194EB3 /* CategoryItem.swift */,
				56AE085328B508D400194EB3 /* CategoryHome.swift */,
				56AE085428B508D400194EB3 /* CategoryRow.swift */,
			);
			path = Categories;
			sourceTree = "<group>";
		};
		56AE085628B508D400194EB3 /* Helpers */ = {
			isa = PBXGroup;
			children = (
				56AE085728B508D400194EB3 /* MapView.swift */,
				56AE085828B508D400194EB3 /* CircleImage.swift */,
				56AE085928B508D400194EB3 /* FavoriteButton.swift */,
			);
			path = Helpers;
			sourceTree = "<group>";
		};
		56AE085A28B508D400194EB3 /* Badges */ = {
			isa = PBXGroup;
			children = (
				56AE085B28B508D400194EB3 /* HikeBadge.swift */,
				56AE085C28B508D400194EB3 /* RotatedBadgeSymbol.swift */,
				56AE085D28B508D400194EB3 /* HexagonParameters.swift */,
				56AE085E28B508D400194EB3 /* BadgeSymbol.swift */,
				56AE085F28B508D400194EB3 /* BadgeBackground.swift */,
				56AE086028B508D400194EB3 /* Badge.swift */,
			);
			path = Badges;
			sourceTree = "<group>";
		};
		56AE086228B508D400194EB3 /* Model */ = {
			isa = PBXGroup;
			children = (
				56AE086328B508D400194EB3 /* Profile.swift */,
				56AE086428B508D400194EB3 /* Hike.swift */,
				56AE086528B508D400194EB3 /* ModelData.swift */,
				56AE086628B508D400194EB3 /* Landmark.swift */,
			);
			path = Model;
			sourceTree = "<group>";
		};
/* End PBXGroup section */

/* Begin PBXNativeTarget section */
		5634939228A236C8002A78C3 /* BasicSwiftLayout */ = {
			isa = PBXNativeTarget;
			buildConfigurationList = 563493B728A236CA002A78C3 /* Build configuration list for PBXNativeTarget "BasicSwiftLayout" */;
			buildPhases = (
				5634938F28A236C8002A78C3 /* Sources */,
				5634939028A236C8002A78C3 /* Frameworks */,
				5634939128A236C8002A78C3 /* Resources */,
			);
			buildRules = (
			);
			dependencies = (
			);
			name = BasicSwiftLayout;
			productName = BasicSwiftLayout;
			productReference = 5634939328A236C8002A78C3 /* BasicSwiftLayout.app */;
			productType = "com.apple.product-type.application";
		};
		563493A228A236CA002A78C3 /* BasicSwiftLayoutTests */ = {
			isa = PBXNativeTarget;
			buildConfigurationList = 563493BA28A236CA002A78C3 /* Build configuration list for PBXNativeTarget "BasicSwiftLayoutTests" */;
			buildPhases = (
				5634939F28A236CA002A78C3 /* Sources */,
				563493A028A236CA002A78C3 /* Frameworks */,
				563493A128A236CA002A78C3 /* Resources */,
			);
			buildRules = (
			);
			dependencies = (
				563493A528A236CA002A78C3 /* PBXTargetDependency */,
			);
			name = BasicSwiftLayoutTests;
			productName = BasicSwiftLayoutTests;
			productReference = 563493A328A236CA002A78C3 /* BasicSwiftLayoutTests.xctest */;
			productType = "com.apple.product-type.bundle.unit-test";
		};
		563493AC28A236CA002A78C3 /* BasicSwiftLayoutUITests */ = {
			isa = PBXNativeTarget;
			buildConfigurationList = 563493BD28A236CA002A78C3 /* Build configuration list for PBXNativeTarget "BasicSwiftLayoutUITests" */;
			buildPhases = (
				563493A928A236CA002A78C3 /* Sources */,
				563493AA28A236CA002A78C3 /* Frameworks */,
				563493AB28A236CA002A78C3 /* Resources */,
			);
			buildRules = (
			);
			dependencies = (
				563493AF28A236CA002A78C3 /* PBXTargetDependency */,
			);
			name = BasicSwiftLayoutUITests;
			productName = BasicSwiftLayoutUITests;
			productReference = 563493AD28A236CA002A78C3 /* BasicSwiftLayoutUITests.xctest */;
			productType = "com.apple.product-type.bundle.ui-testing";
		};
/* End PBXNativeTarget section */

/* Begin PBXProject section */
		5634938B28A236C8002A78C3 /* Project object */ = {
			isa = PBXProject;
			attributes = {
				BuildIndependentTargetsInParallel = 1;
				LastSwiftUpdateCheck = 1330;
				LastUpgradeCheck = 1330;
				TargetAttributes = {
					5634939228A236C8002A78C3 = {
						CreatedOnToolsVersion = 13.3.1;
					};
					563493A228A236CA002A78C3 = {
						CreatedOnToolsVersion = 13.3.1;
						TestTargetID = 5634939228A236C8002A78C3;
					};
					563493AC28A236CA002A78C3 = {
						CreatedOnToolsVersion = 13.3.1;
						TestTargetID = 5634939228A236C8002A78C3;
					};
				};
			};
			buildConfigurationList = 5634938E28A236C8002A78C3 /* Build configuration list for PBXProject "BasicSwiftLayout" */;
			compatibilityVersion = "Xcode 13.0";
			developmentRegion = en;
			hasScannedForEncodings = 0;
			knownRegions = (
				en,
				Base,
			);
			mainGroup = 5634938A28A236C8002A78C3;
			productRefGroup = 5634939428A236C8002A78C3 /* Products */;
			projectDirPath = "";
			projectRoot = "";
			targets = (
				5634939228A236C8002A78C3 /* BasicSwiftLayout */,
				563493A228A236CA002A78C3 /* BasicSwiftLayoutTests */,
				563493AC28A236CA002A78C3 /* BasicSwiftLayoutUITests */,
			);
		};
/* End PBXProject section */

/* Begin PBXResourcesBuildPhase section */
		5634939128A236C8002A78C3 /* Resources */ = {
			isa = PBXResourcesBuildPhase;
			buildActionMask = 2147483647;
			files = (
				56AE086728B508D400194EB3 /* hikeData.json in Resources */,
				5634939E28A236CA002A78C3 /* Preview Assets.xcassets in Resources */,
				56AE086928B508D400194EB3 /* Assets.xcassets in Resources */,
				56AE086828B508D400194EB3 /* landmarkData.json in Resources */,
			);
			runOnlyForDeploymentPostprocessing = 0;
		};
		563493A128A236CA002A78C3 /* Resources */ = {
			isa = PBXResourcesBuildPhase;
			buildActionMask = 2147483647;
			files = (
			);
			runOnlyForDeploymentPostprocessing = 0;
		};
		563493AB28A236CA002A78C3 /* Resources */ = {
			isa = PBXResourcesBuildPhase;
			buildActionMask = 2147483647;
			files = (
			);
			runOnlyForDeploymentPostprocessing = 0;
		};
/* End PBXResourcesBuildPhase section */

/* Begin PBXSourcesBuildPhase section */
		5634938F28A236C8002A78C3 /* Sources */ = {
			isa = PBXSourcesBuildPhase;
			buildActionMask = 2147483647;
			files = (
				56AE086A28B508D400194EB3 /* GraphCapsule.swift in Sources */,
				5634939728A236C8002A78C3 /* BasicSwiftLayoutApp.swift in Sources */,
				56AE087628B508D400194EB3 /* CategoryRow.swift in Sources */,
				56AE087A28B508D400194EB3 /* FavoriteButton.swift in Sources */,
				56AE087228B508D400194EB3 /* ProfileEditor.swift in Sources */,
				56AE087E28B508D400194EB3 /* BadgeSymbol.swift in Sources */,
				56AE088428B508D400194EB3 /* ModelData.swift in Sources */,
				56AE086D28B508D400194EB3 /* HikeView.swift in Sources */,
				56AE087528B508D400194EB3 /* CategoryHome.swift in Sources */,
				56AE086E28B508D400194EB3 /* LandmarkList.swift in Sources */,
				56AE087828B508D400194EB3 /* MapView.swift in Sources */,
				56AE088328B508D400194EB3 /* Hike.swift in Sources */,
				56AE087728B508D400194EB3 /* ContentView.swift in Sources */,
				56AE088028B508D400194EB3 /* Badge.swift in Sources */,
				56AE087328B508D400194EB3 /* ProfileHost.swift in Sources */,
				56AE086F28B508D400194EB3 /* LandmarkDetail.swift in Sources */,
				56016FBA28A643BF00CAB37B /* Swift.swift in Sources */,
				56AE087C28B508D400194EB3 /* RotatedBadgeSymbol.swift in Sources */,
				56AE087B28B508D400194EB3 /* HikeBadge.swift in Sources */,
				56AE086B28B508D400194EB3 /* HikeGraph.swift in Sources */,
				5613514328A3906B0017FE08 /* BackGround&OverLay.swift in Sources */,
				56AE087F28B508D400194EB3 /* BadgeBackground.swift in Sources */,
				56AE087428B508D400194EB3 /* CategoryItem.swift in Sources */,
				56AE087928B508D400194EB3 /* CircleImage.swift in Sources */,
				56AE087028B508D400194EB3 /* LandmarkRow.swift in Sources */,
				56AE086C28B508D400194EB3 /* HikeDetail.swift in Sources */,
				56AE087D28B508D400194EB3 /* HexagonParameters.swift in Sources */,
				56AE088228B508D400194EB3 /* Profile.swift in Sources */,
				56AE087128B508D400194EB3 /* ProfileSummary.swift in Sources */,
				56AE088528B508D400194EB3 /* Landmark.swift in Sources */,
			);
			runOnlyForDeploymentPostprocessing = 0;
		};
		5634939F28A236CA002A78C3 /* Sources */ = {
			isa = PBXSourcesBuildPhase;
			buildActionMask = 2147483647;
			files = (
				563493A828A236CA002A78C3 /* BasicSwiftLayoutTests.swift in Sources */,
			);
			runOnlyForDeploymentPostprocessing = 0;
		};
		563493A928A236CA002A78C3 /* Sources */ = {
			isa = PBXSourcesBuildPhase;
			buildActionMask = 2147483647;
			files = (
				563493B228A236CA002A78C3 /* BasicSwiftLayoutUITests.swift in Sources */,
				563493B428A236CA002A78C3 /* BasicSwiftLayoutUITestsLaunchTests.swift in Sources */,
			);
			runOnlyForDeploymentPostprocessing = 0;
		};
/* End PBXSourcesBuildPhase section */

/* Begin PBXTargetDependency section */
		563493A528A236CA002A78C3 /* PBXTargetDependency */ = {
			isa = PBXTargetDependency;
			target = 5634939228A236C8002A78C3 /* BasicSwiftLayout */;
			targetProxy = 563493A428A236CA002A78C3 /* PBXContainerItemProxy */;
		};
		563493AF28A236CA002A78C3 /* PBXTargetDependency */ = {
			isa = PBXTargetDependency;
			target = 5634939228A236C8002A78C3 /* BasicSwiftLayout */;
			targetProxy = 563493AE28A236CA002A78C3 /* PBXContainerItemProxy */;
		};
/* End PBXTargetDependency section */

/* Begin XCBuildConfiguration section */
		563493B528A236CA002A78C3 /* Debug */ = {
			isa = XCBuildConfiguration;
			buildSettings = {
				ALWAYS_SEARCH_USER_PATHS = NO;
				CLANG_ANALYZER_NONNULL = YES;
				CLANG_ANALYZER_NUMBER_OBJECT_CONVERSION = YES_AGGRESSIVE;
				CLANG_CXX_LANGUAGE_STANDARD = "gnu++17";
				CLANG_ENABLE_MODULES = YES;
				CLANG_ENABLE_OBJC_ARC = YES;
				CLANG_ENABLE_OBJC_WEAK = YES;
				CLANG_WARN_BLOCK_CAPTURE_AUTORELEASING = YES;
				CLANG_WARN_BOOL_CONVERSION = YES;
				CLANG_WARN_COMMA = YES;
				CLANG_WARN_CONSTANT_CONVERSION = YES;
				CLANG_WARN_DEPRECATED_OBJC_IMPLEMENTATIONS = YES;
				CLANG_WARN_DIRECT_OBJC_ISA_USAGE = YES_ERROR;
				CLANG_WARN_DOCUMENTATION_COMMENTS = YES;
				CLANG_WARN_EMPTY_BODY = YES;
				CLANG_WARN_ENUM_CONVERSION = YES;
				CLANG_WARN_INFINITE_RECURSION = YES;
				CLANG_WARN_INT_CONVERSION = YES;
				CLANG_WARN_NON_LITERAL_NULL_CONVERSION = YES;
				CLANG_WARN_OBJC_IMPLICIT_RETAIN_SELF = YES;
				CLANG_WARN_OBJC_LITERAL_CONVERSION = YES;
				CLANG_WARN_OBJC_ROOT_CLASS = YES_ERROR;
				CLANG_WARN_QUOTED_INCLUDE_IN_FRAMEWORK_HEADER = YES;
				CLANG_WARN_RANGE_LOOP_ANALYSIS = YES;
				CLANG_WARN_STRICT_PROTOTYPES = YES;
				CLANG_WARN_SUSPICIOUS_MOVE = YES;
				CLANG_WARN_UNGUARDED_AVAILABILITY = YES_AGGRESSIVE;
				CLANG_WARN_UNREACHABLE_CODE = YES;
				CLANG_WARN__DUPLICATE_METHOD_MATCH = YES;
				COPY_PHASE_STRIP = NO;
				DEBUG_INFORMATION_FORMAT = dwarf;
				ENABLE_STRICT_OBJC_MSGSEND = YES;
				ENABLE_TESTABILITY = YES;
				GCC_C_LANGUAGE_STANDARD = gnu11;
				GCC_DYNAMIC_NO_PIC = NO;
				GCC_NO_COMMON_BLOCKS = YES;
				GCC_OPTIMIZATION_LEVEL = 0;
				GCC_PREPROCESSOR_DEFINITIONS = (
					"DEBUG=1",
					"$(inherited)",
				);
				GCC_WARN_64_TO_32_BIT_CONVERSION = YES;
				GCC_WARN_ABOUT_RETURN_TYPE = YES_ERROR;
				GCC_WARN_UNDECLARED_SELECTOR = YES;
				GCC_WARN_UNINITIALIZED_AUTOS = YES_AGGRESSIVE;
				GCC_WARN_UNUSED_FUNCTION = YES;
				GCC_WARN_UNUSED_VARIABLE = YES;
				IPHONEOS_DEPLOYMENT_TARGET = 15.4;
				MTL_ENABLE_DEBUG_INFO = INCLUDE_SOURCE;
				MTL_FAST_MATH = YES;
				ONLY_ACTIVE_ARCH = YES;
				SDKROOT = iphoneos;
				SWIFT_ACTIVE_COMPILATION_CONDITIONS = DEBUG;
				SWIFT_OPTIMIZATION_LEVEL = "-Onone";
			};
			name = Debug;
		};
		563493B628A236CA002A78C3 /* Release */ = {
			isa = XCBuildConfiguration;
			buildSettings = {
				ALWAYS_SEARCH_USER_PATHS = NO;
				CLANG_ANALYZER_NONNULL = YES;
				CLANG_ANALYZER_NUMBER_OBJECT_CONVERSION = YES_AGGRESSIVE;
				CLANG_CXX_LANGUAGE_STANDARD = "gnu++17";
				CLANG_ENABLE_MODULES = YES;
				CLANG_ENABLE_OBJC_ARC = YES;
				CLANG_ENABLE_OBJC_WEAK = YES;
				CLANG_WARN_BLOCK_CAPTURE_AUTORELEASING = YES;
				CLANG_WARN_BOOL_CONVERSION = YES;
				CLANG_WARN_COMMA = YES;
				CLANG_WARN_CONSTANT_CONVERSION = YES;
				CLANG_WARN_DEPRECATED_OBJC_IMPLEMENTATIONS = YES;
				CLANG_WARN_DIRECT_OBJC_ISA_USAGE = YES_ERROR;
				CLANG_WARN_DOCUMENTATION_COMMENTS = YES;
				CLANG_WARN_EMPTY_BODY = YES;
				CLANG_WARN_ENUM_CONVERSION = YES;
				CLANG_WARN_INFINITE_RECURSION = YES;
				CLANG_WARN_INT_CONVERSION = YES;
				CLANG_WARN_NON_LITERAL_NULL_CONVERSION = YES;
				CLANG_WARN_OBJC_IMPLICIT_RETAIN_SELF = YES;
				CLANG_WARN_OBJC_LITERAL_CONVERSION = YES;
				CLANG_WARN_OBJC_ROOT_CLASS = YES_ERROR;
				CLANG_WARN_QUOTED_INCLUDE_IN_FRAMEWORK_HEADER = YES;
				CLANG_WARN_RANGE_LOOP_ANALYSIS = YES;
				CLANG_WARN_STRICT_PROTOTYPES = YES;
				CLANG_WARN_SUSPICIOUS_MOVE = YES;
				CLANG_WARN_UNGUARDED_AVAILABILITY = YES_AGGRESSIVE;
				CLANG_WARN_UNREACHABLE_CODE = YES;
				CLANG_WARN__DUPLICATE_METHOD_MATCH = YES;
				COPY_PHASE_STRIP = NO;
				DEBUG_INFORMATION_FORMAT = "dwarf-with-dsym";
				ENABLE_NS_ASSERTIONS = NO;
				ENABLE_STRICT_OBJC_MSGSEND = YES;
				GCC_C_LANGUAGE_STANDARD = gnu11;
				GCC_NO_COMMON_BLOCKS = YES;
				GCC_WARN_64_TO_32_BIT_CONVERSION = YES;
				GCC_WARN_ABOUT_RETURN_TYPE = YES_ERROR;
				GCC_WARN_UNDECLARED_SELECTOR = YES;
				GCC_WARN_UNINITIALIZED_AUTOS = YES_AGGRESSIVE;
				GCC_WARN_UNUSED_FUNCTION = YES;
				GCC_WARN_UNUSED_VARIABLE = YES;
				IPHONEOS_DEPLOYMENT_TARGET = 15.4;
				MTL_ENABLE_DEBUG_INFO = NO;
				MTL_FAST_MATH = YES;
				SDKROOT = iphoneos;
				SWIFT_COMPILATION_MODE = wholemodule;
				SWIFT_OPTIMIZATION_LEVEL = "-O";
				VALIDATE_PRODUCT = YES;
			};
			name = Release;
		};
		563493B828A236CA002A78C3 /* Debug */ = {
			isa = XCBuildConfiguration;
			buildSettings = {
				ASSETCATALOG_COMPILER_APPICON_NAME = AppIcon;
				ASSETCATALOG_COMPILER_GLOBAL_ACCENT_COLOR_NAME = AccentColor;
				CODE_SIGN_STYLE = Automatic;
				CURRENT_PROJECT_VERSION = 1;
				DEVELOPMENT_ASSET_PATHS = "\"BasicSwiftLayout/Preview Content\"";
				ENABLE_PREVIEWS = YES;
				GENERATE_INFOPLIST_FILE = YES;
				INFOPLIST_FILE = "$(SRCROOT)/BasicSwiftLayout/Code/Resources/Info.plist";
				INFOPLIST_KEY_UIApplicationSceneManifest_Generation = YES;
				INFOPLIST_KEY_UIApplicationSupportsIndirectInputEvents = YES;
				INFOPLIST_KEY_UILaunchScreen_Generation = YES;
				INFOPLIST_KEY_UISupportedInterfaceOrientations_iPad = "UIInterfaceOrientationPortrait UIInterfaceOrientationPortraitUpsideDown UIInterfaceOrientationLandscapeLeft UIInterfaceOrientationLandscapeRight";
				INFOPLIST_KEY_UISupportedInterfaceOrientations_iPhone = "UIInterfaceOrientationPortrait UIInterfaceOrientationLandscapeLeft UIInterfaceOrientationLandscapeRight";
				LD_RUNPATH_SEARCH_PATHS = (
					"$(inherited)",
					"@executable_path/Frameworks",
				);
				MARKETING_VERSION = 1.0;
				PRODUCT_BUNDLE_IDENTIFIER = com.app.BasicSwiftLayout.BasicSwiftLayout;
				PRODUCT_NAME = "$(TARGET_NAME)";
				SWIFT_EMIT_LOC_STRINGS = YES;
				SWIFT_VERSION = 5.0;
				TARGETED_DEVICE_FAMILY = "1,2";
			};
			name = Debug;
		};
		563493B928A236CA002A78C3 /* Release */ = {
			isa = XCBuildConfiguration;
			buildSettings = {
				ASSETCATALOG_COMPILER_APPICON_NAME = AppIcon;
				ASSETCATALOG_COMPILER_GLOBAL_ACCENT_COLOR_NAME = AccentColor;
				CODE_SIGN_STYLE = Automatic;
				CURRENT_PROJECT_VERSION = 1;
				DEVELOPMENT_ASSET_PATHS = "\"BasicSwiftLayout/Preview Content\"";
				ENABLE_PREVIEWS = YES;
				GENERATE_INFOPLIST_FILE = YES;
				INFOPLIST_FILE = "$(SRCROOT)/BasicSwiftLayout/Code/Resources/Info.plist";
				INFOPLIST_KEY_UIApplicationSceneManifest_Generation = YES;
				INFOPLIST_KEY_UIApplicationSupportsIndirectInputEvents = YES;
				INFOPLIST_KEY_UILaunchScreen_Generation = YES;
				INFOPLIST_KEY_UISupportedInterfaceOrientations_iPad = "UIInterfaceOrientationPortrait UIInterfaceOrientationPortraitUpsideDown UIInterfaceOrientationLandscapeLeft UIInterfaceOrientationLandscapeRight";
				INFOPLIST_KEY_UISupportedInterfaceOrientations_iPhone = "UIInterfaceOrientationPortrait UIInterfaceOrientationLandscapeLeft UIInterfaceOrientationLandscapeRight";
				LD_RUNPATH_SEARCH_PATHS = (
					"$(inherited)",
					"@executable_path/Frameworks",
				);
				MARKETING_VERSION = 1.0;
				PRODUCT_BUNDLE_IDENTIFIER = com.app.BasicSwiftLayout.BasicSwiftLayout;
				PRODUCT_NAME = "$(TARGET_NAME)";
				SWIFT_EMIT_LOC_STRINGS = YES;
				SWIFT_VERSION = 5.0;
				TARGETED_DEVICE_FAMILY = "1,2";
			};
			name = Release;
		};
		563493BB28A236CA002A78C3 /* Debug */ = {
			isa = XCBuildConfiguration;
			buildSettings = {
				ALWAYS_EMBED_SWIFT_STANDARD_LIBRARIES = YES;
				BUNDLE_LOADER = "$(TEST_HOST)";
				CODE_SIGN_STYLE = Automatic;
				CURRENT_PROJECT_VERSION = 1;
				GENERATE_INFOPLIST_FILE = YES;
				IPHONEOS_DEPLOYMENT_TARGET = 15.4;
				MARKETING_VERSION = 1.0;
				PRODUCT_BUNDLE_IDENTIFIER = com.app.BasicSwiftLayout.BasicSwiftLayoutTests;
				PRODUCT_NAME = "$(TARGET_NAME)";
				SWIFT_EMIT_LOC_STRINGS = NO;
				SWIFT_VERSION = 5.0;
				TARGETED_DEVICE_FAMILY = "1,2";
				TEST_HOST = "$(BUILT_PRODUCTS_DIR)/BasicSwiftLayout.app/BasicSwiftLayout";
			};
			name = Debug;
		};
		563493BC28A236CA002A78C3 /* Release */ = {
			isa = XCBuildConfiguration;
			buildSettings = {
				ALWAYS_EMBED_SWIFT_STANDARD_LIBRARIES = YES;
				BUNDLE_LOADER = "$(TEST_HOST)";
				CODE_SIGN_STYLE = Automatic;
				CURRENT_PROJECT_VERSION = 1;
				GENERATE_INFOPLIST_FILE = YES;
				IPHONEOS_DEPLOYMENT_TARGET = 15.4;
				MARKETING_VERSION = 1.0;
				PRODUCT_BUNDLE_IDENTIFIER = com.app.BasicSwiftLayout.BasicSwiftLayoutTests;
				PRODUCT_NAME = "$(TARGET_NAME)";
				SWIFT_EMIT_LOC_STRINGS = NO;
				SWIFT_VERSION = 5.0;
				TARGETED_DEVICE_FAMILY = "1,2";
				TEST_HOST = "$(BUILT_PRODUCTS_DIR)/BasicSwiftLayout.app/BasicSwiftLayout";
			};
			name = Release;
		};
		563493BE28A236CA002A78C3 /* Debug */ = {
			isa = XCBuildConfiguration;
			buildSettings = {
				ALWAYS_EMBED_SWIFT_STANDARD_LIBRARIES = YES;
				CODE_SIGN_STYLE = Automatic;
				CURRENT_PROJECT_VERSION = 1;
				GENERATE_INFOPLIST_FILE = YES;
				MARKETING_VERSION = 1.0;
				PRODUCT_BUNDLE_IDENTIFIER = com.app.BasicSwiftLayout.BasicSwiftLayoutUITests;
				PRODUCT_NAME = "$(TARGET_NAME)";
				SWIFT_EMIT_LOC_STRINGS = NO;
				SWIFT_VERSION = 5.0;
				TARGETED_DEVICE_FAMILY = "1,2";
				TEST_TARGET_NAME = BasicSwiftLayout;
			};
			name = Debug;
		};
		563493BF28A236CA002A78C3 /* Release */ = {
			isa = XCBuildConfiguration;
			buildSettings = {
				ALWAYS_EMBED_SWIFT_STANDARD_LIBRARIES = YES;
				CODE_SIGN_STYLE = Automatic;
				CURRENT_PROJECT_VERSION = 1;
				GENERATE_INFOPLIST_FILE = YES;
				MARKETING_VERSION = 1.0;
				PRODUCT_BUNDLE_IDENTIFIER = com.app.BasicSwiftLayout.BasicSwiftLayoutUITests;
				PRODUCT_NAME = "$(TARGET_NAME)";
				SWIFT_EMIT_LOC_STRINGS = NO;
				SWIFT_VERSION = 5.0;
				TARGETED_DEVICE_FAMILY = "1,2";
				TEST_TARGET_NAME = BasicSwiftLayout;
			};
			name = Release;
		};
/* End XCBuildConfiguration section */

/* Begin XCConfigurationList section */
		5634938E28A236C8002A78C3 /* Build configuration list for PBXProject "BasicSwiftLayout" */ = {
			isa = XCConfigurationList;
			buildConfigurations = (
				563493B528A236CA002A78C3 /* Debug */,
				563493B628A236CA002A78C3 /* Release */,
			);
			defaultConfigurationIsVisible = 0;
			defaultConfigurationName = Release;
		};
		563493B728A236CA002A78C3 /* Build configuration list for PBXNativeTarget "BasicSwiftLayout" */ = {
			isa = XCConfigurationList;
			buildConfigurations = (
				563493B828A236CA002A78C3 /* Debug */,
				563493B928A236CA002A78C3 /* Release */,
			);
			defaultConfigurationIsVisible = 0;
			defaultConfigurationName = Release;
		};
		563493BA28A236CA002A78C3 /* Build configuration list for PBXNativeTarget "BasicSwiftLayoutTests" */ = {
			isa = XCConfigurationList;
			buildConfigurations = (
				563493BB28A236CA002A78C3 /* Debug */,
				563493BC28A236CA002A78C3 /* Release */,
			);
			defaultConfigurationIsVisible = 0;
			defaultConfigurationName = Release;
		};
		563493BD28A236CA002A78C3 /* Build configuration list for PBXNativeTarget "BasicSwiftLayoutUITests" */ = {
			isa = XCConfigurationList;
			buildConfigurations = (
				563493BE28A236CA002A78C3 /* Debug */,
				563493BF28A236CA002A78C3 /* Release */,
			);
			defaultConfigurationIsVisible = 0;
			defaultConfigurationName = Release;
		};
/* End XCConfigurationList section */
	};
	rootObject = 5634938B28A236C8002A78C3 /* Project object */;
}
